
Microsoft Visual Studio Solution File, Format Version 12.00
# Visual Studio Version 16
VisualStudioVersion = 16.0.30002.166
MinimumVisualStudioVersion = 10.0.40219.1
Project("{FAE04EC0-301F-11D3-BF4B-00C04F79EFBC}") = "DenpadokeiFramework", "DenpadokeiFramework\DenpadokeiFramework.csproj", "{FDAE94D1-E705-4F02-A7B0-64AF7BE475F4}"
EndProject
Global
	GlobalSection(SolutionConfigurationPlatforms) = preSolution
		Debug|Any CPU = Debug|Any CPU
		Release|Any CPU = Release|Any CPU
	EndGlobalSection
	GlobalSection(ProjectConfigurationPlatforms) = postSolution
		{FDAE94D1-E705-4F02-A7B0-64AF7BE475F4}.Debug|Any CPU.ActiveCfg = Debug|Any CPU
		{FDAE94D1-E705-4F02-A7B0-64AF7BE475F4}.Debug|Any CPU.Build.0 = Debug|Any CPU
		{FDAE94D1-E705-4F02-A7B0-64AF7BE475F4}.Release|Any CPU.ActiveCfg = Release|Any CPU
		{FDAE94D1-E705-4F02-A7B0-64AF7BE475F4}.Release|Any CPU.Build.0 = Release|Any CPU
	EndGlobalSection
	GlobalSection(SolutionProperties) = preSolution
		HideSolutionNode = FALSE
	EndGlobalSection
	GlobalSection(ExtensibilityGlobals) = postSolution
		SolutionGuid = {D8B4A7BB-B224-4B8F-BAA4-1D22257C1A6D}
	EndGlobalSection
EndGlobal
